
Microsoft Visual Studio Solution File, Format Version 12.00
# Visual Studio Version 16
VisualStudioVersion = 16.0.31624.102
MinimumVisualStudioVersion = 10.0.40219.1
Project("{FAE04EC0-301F-11D3-BF4B-00C04F79EFBC}") = "MarsRoverProject", "MarsProject\MarsRoverProject.csproj", "{B92AC700-3B16-44EC-A1CA-4D4C56FD7CBA}"
EndProject
Global
	GlobalSection(SolutionConfigurationPlatforms) = preSolution
		Debug|Any CPU = Debug|Any CPU
		Release|Any CPU = Release|Any CPU
	EndGlobalSection
	GlobalSection(ProjectConfigurationPlatforms) = postSolution
		{B92AC700-3B16-44EC-A1CA-4D4C56FD7CBA}.Debug|Any CPU.ActiveCfg = Debug|Any CPU
		{B92AC700-3B16-44EC-A1CA-4D4C56FD7CBA}.Debug|Any CPU.Build.0 = Debug|Any CPU
		{B92AC700-3B16-44EC-A1CA-4D4C56FD7CBA}.Release|Any CPU.ActiveCfg = Release|Any CPU
		{B92AC700-3B16-44EC-A1CA-4D4C56FD7CBA}.Release|Any CPU.Build.0 = Release|Any CPU
	EndGlobalSection
	GlobalSection(SolutionProperties) = preSolution
		HideSolutionNode = FALSE
	EndGlobalSection
	GlobalSection(ExtensibilityGlobals) = postSolution
		SolutionGuid = {FA35F0F6-F1D6-46F1-AE40-5AD3E9131D25}
	EndGlobalSection
EndGlobal
